{
    "name": "Client",
    "version": "1.0.0",
    "lockfileVersion": 1,
    "requires": true,
    "dependencies": {
        "@fortawesome/fontawesome-free": {
            "version": "5.7.2",
            "resolved": "https://registry.npmjs.org/@fortawesome/fontawesome-free/-/fontawesome-free-5.7.2.tgz",
            "integrity": "sha512-Ha4HshKdCVKgu4TVCtG8XyPPYdzTzNW4/fvPnn+LT7AosRABryhlRv4cc4+o84dgpvVJN9reN7jo/c+nYujFug=="
        },
        "@thaerious/nidget": {
            "version": "0.1.0",
            "resolved": "https://registry.npmjs.org/@thaerious/nidget/-/nidget-0.1.0.tgz",
            "integrity": "sha512-syGNO9+azXRj6DUX0TT77+H/jU6pnKaT6wFV5xWqfaofD21Y49cOG4n5t0IzbqpEZHmjsry07LctoRPcK9j7zg==",
            "requires": {
                "jquery": "^3.3.1"
            }
        },
        "bootstrap": {
            "version": "4.3.1",
            "resolved": "https://registry.npmjs.org/bootstrap/-/bootstrap-4.3.1.tgz",
            "integrity": "sha512-rXqOmH1VilAt2DyPzluTi2blhk17bO7ef+zLLPlWvG494pDxcM234pJ8wTc/6R40UWizAIIMgxjvxZg5kmsbag=="
        },
        "jjjrmi": {
            "version": "0.4.21",
            "resolved": "https://registry.npmjs.org/jjjrmi/-/jjjrmi-0.4.21.tgz",
            "integrity": "sha512-b2oClyxPJLfkAwG/5RXLa8d8kGHBfi8PW0ZNqwYV+qrTII14/V6L+9DTy3IjNBoVdAgHmVHgIR7mWHo8kxgtZw==",
            "requires": {
                "jjjserver": "^0.4.19"
            }
        },
        "jjjserver": {
            "version": "0.4.19",
            "resolved": "https://registry.npmjs.org/jjjserver/-/jjjserver-0.4.19.tgz",
            "integrity": "sha512-1398P4PhXBNQ158f5+wE2ccsv48oRYF7y0jRUAoJ7ieLaRsF3SxoKMq8KflHJ/CnHGE4OYlidbXzmNzIqrkSIQ=="
        },
        "jquery": {
            "version": "3.3.1",
            "resolved": "https://registry.npmjs.org/jquery/-/jquery-3.3.1.tgz",
            "integrity": "sha512-Ubldcmxp5np52/ENotGxlLe6aGMvmF4R8S6tZjsP6Knsaxd/xp3Zrh50cG93lR6nPXyUFwzN3ZSOQI0wRJNdGg=="
        },
        "nerscriber": {
            "version": "file:../NERScriber/dist/nerscriber"
        },
        "nerveserver": {
            "version": "file:../Server/dist/nerveserver"
        },
        "popper.js": {
            "version": "1.14.7",
            "resolved": "https://registry.npmjs.org/popper.js/-/popper.js-1.14.7.tgz",
            "integrity": "sha512-4q1hNvoUre/8srWsH7hnoSJ5xVmIL4qgz+s4qf2TnJIMyZFUFMGH+9vE7mXynAlHSZ/NdTmmow86muD0myUkVQ=="
        },
        "wikidata-sdk": {
            "version": "5.15.10",
            "resolved": "https://registry.npmjs.org/wikidata-sdk/-/wikidata-sdk-5.15.10.tgz",
            "integrity": "sha512-19G24S2C/PL5UQRlWVRauaLAtgbHCZZwJSIDyrqa8Xd92d3KjxH5GCbDqLv2csfqH8nFeQ91tJk5GO9RvDto0A=="
        }
    }
}
