{
    "name": "@thaerious/cwrcdialogs",
    "version": "1.0.0",
    "lockfileVersion": 1,
    "requires": true,
    "dependencies": {
        "@fortawesome/fontawesome-free": {
            "version": "5.4.2",
            "resolved": "https://registry.npmjs.org/@fortawesome/fontawesome-free/-/fontawesome-free-5.4.2.tgz",
            "integrity": "sha512-lpruVv/4AkKUujyzHCNJ8yOceBf7Na/pFaX52ZI/BFMCYkUEwiQ1P0viZg//+WelrNNEgvMOvCMDEDaOMZ/u1w=="
        },
        "@thaerious/utility": {
            "version": "0.0.1",
            "resolved": "https://registry.npmjs.org/@thaerious/utility/-/utility-0.0.1.tgz",
            "integrity": "sha512-/yTlzGxboAE++Oyo47mQNFR2hx3JDuPBmWcU8ylOUmA+nzieIoegBO/ChbEXvoT9HMEdC1dWgo2tgM2ia/pdmw==",
            "requires": {
                "jquery": "^3.3.1"
            }
        },
        "bootstrap": {
            "version": "4.1.3",
            "resolved": "https://registry.npmjs.org/bootstrap/-/bootstrap-4.1.3.tgz",
            "integrity": "sha512-rDFIzgXcof0jDyjNosjv4Sno77X4KuPeFxG2XZZv1/Kc8DRVGVADdoQyyOVDwPqL36DDmtCQbrpMCqvpPLJQ0w=="
        },
        "jquery": {
            "version": "3.3.1",
            "resolved": "https://registry.npmjs.org/jquery/-/jquery-3.3.1.tgz",
            "integrity": "sha512-Ubldcmxp5np52/ENotGxlLe6aGMvmF4R8S6tZjsP6Knsaxd/xp3Zrh50cG93lR6nPXyUFwzN3ZSOQI0wRJNdGg=="
        },
        "nerveserver": {
            "version": "file:../Server",
            "requires": {
                "jjjrmi": "^0.4.17",
                "jjjsql": "^1.1.3",
                "jquery": "^3.3.1",
                "nerscriber": "file:../NERScriber"
            },
            "dependencies": {
                "@thaerious/nidget": {
                    "version": "file:../Nidget",
                    "bundled": true,
                    "requires": {
                        "jquery": "^3.3.1"
                    },
                    "dependencies": {
                        "jquery": {
                            "version": "3.3.1",
                            "bundled": true
                        }
                    }
                },
                "jjjrmi": {
                    "version": "0.4.17",
                    "bundled": true,
                    "requires": {
                        "jjjserver": "^0.4.17"
                    }
                },
                "jjjserver": {
                    "version": "0.4.17",
                    "bundled": true
                },
                "jjjsql": {
                    "version": "1.1.3",
                    "bundled": true
                },
                "jquery": {
                    "version": "3.3.1",
                    "bundled": true
                },
                "nerscriber": {
                    "version": "file:../NERScriber",
                    "bundled": true,
                    "requires": {
                        "jjjrmi": "^0.4.17"
                    },
                    "dependencies": {
                        "jjjrmi": {
                            "version": "0.4.17",
                            "bundled": true,
                            "requires": {
                                "jjjserver": "^0.4.17"
                            }
                        },
                        "jjjserver": {
                            "version": "0.4.17",
                            "bundled": true
                        }
                    }
                }
            }
        },
        "nidget": {
            "version": "file:../Nidget",
            "requires": {
                "jquery": "^3.3.1"
            },
            "dependencies": {
                "jquery": {
                    "version": "3.3.1",
                    "bundled": true
                }
            }
        },
        "popper.js": {
            "version": "1.14.4",
            "resolved": "https://registry.npmjs.org/popper.js/-/popper.js-1.14.4.tgz",
            "integrity": "sha1-juwdj/AqWjoVLdQ0FKFce3n9abY="
        },
        "wikidata-sdk": {
            "version": "5.15.8",
            "resolved": "https://registry.npmjs.org/wikidata-sdk/-/wikidata-sdk-5.15.8.tgz",
            "integrity": "sha512-s9AM2k9D/lsX+jfw0GekALiTsHYWg3cnybRem/abcSVetenVw0u1a0mrhx+E/JBOT+s6up2TnLeq3CTVUbikfA=="
        }
    }
}
