{
  "name": "nerveserver",
  "version": "1.0.0",
  "lockfileVersion": 1,
  "requires": true,
  "dependencies": {
    "jjjrmi": {
      "version": "0.4.17",
      "resolved": "https://registry.npmjs.org/jjjrmi/-/jjjrmi-0.4.17.tgz",
      "integrity": "sha512-cL6EjHp9PDNB6mnWb+p5aP6pyh8qYBjFMdkfXJf8GOsPPpVnhbDGEeG7XJ3ugFoycZPlHdO+sE/n0HMJht0fTg==",
      "requires": {
        "jjjserver": "^0.4.17"
      }
    },
    "jjjserver": {
      "version": "0.4.17",
      "resolved": "https://registry.npmjs.org/jjjserver/-/jjjserver-0.4.17.tgz",
      "integrity": "sha512-LSbAAD+IYxPLAaRj4MStE52M4JBzb0POgBw+7lg5cH6u9XIM50gDbgiyC6f7cWhmcv2dN7cEbyScJqZjqONLXQ=="
    },
    "jjjsql": {
      "version": "1.1.3",
      "resolved": "https://registry.npmjs.org/jjjsql/-/jjjsql-1.1.3.tgz",
      "integrity": "sha512-3o8Umh0xYvYt4bHV7cTugdcmKbZfJBuSpYK4Wto2Zch0Y8O/lR+oLCGdF594FsbsupgLej+raCUhMWKnJ5nbmA=="
    },
    "jquery": {
      "version": "3.3.1",
      "resolved": "https://registry.npmjs.org/jquery/-/jquery-3.3.1.tgz",
      "integrity": "sha512-Ubldcmxp5np52/ENotGxlLe6aGMvmF4R8S6tZjsP6Knsaxd/xp3Zrh50cG93lR6nPXyUFwzN3ZSOQI0wRJNdGg=="
    },
    "nerscriber": {
      "version": "file:../NERScriber",
      "requires": {
        "jjjrmi": "^0.4.10"
      },
      "dependencies": {
        "jjjrmi": {
          "version": "0.4.10",
          "bundled": true
        }
      }
    },
    "nidget": {
      "version": "file:../Nidget",
      "requires": {
        "jquery": "^3.3.1"
      },
      "dependencies": {
        "jquery": {
          "version": "3.3.1",
          "bundled": true
        }
      }
    }
  }
}
