{
    "name": "nerscriber",
    "version": "0.9.0",
    "lockfileVersion": 1,
    "requires": true,
    "dependencies": {
        "jjjrmi": {
            "version": "0.4.22",
            "resolved": "https://registry.npmjs.org/jjjrmi/-/jjjrmi-0.4.22.tgz",
            "integrity": "sha512-x3PfcmBkKX1cYmdpYEw9RKeUY6zrGtpxoRvkm/RCNrvPKsD+qZ2lhw4/SP/nZK6EhgKo9QpMCgOC0glA9a79qw==",
            "requires": {
                "jjjserver": "^0.4.19"
            }
        },
        "jjjserver": {
            "version": "0.4.19",
            "resolved": "https://registry.npmjs.org/jjjserver/-/jjjserver-0.4.19.tgz",
            "integrity": "sha512-1398P4PhXBNQ158f5+wE2ccsv48oRYF7y0jRUAoJ7ieLaRsF3SxoKMq8KflHJ/CnHGE4OYlidbXzmNzIqrkSIQ=="
        }
    }
}
