{
    "name": "nerscriber",
    "version": "0.9.0",
    "lockfileVersion": 1,
    "requires": true,
    "dependencies": {
        "jjjrmi": {
            "version": "0.4.18",
            "resolved": "https://registry.npmjs.org/jjjrmi/-/jjjrmi-0.4.18.tgz",
            "integrity": "sha512-tabopjAmZcVmDjLZcLJAuqUaibfWCACezuneezmI3AHDXQsSD6CPEg4z0Yv75qkNSq7K3rPzFDpMhcuzSXvM/Q==",
            "requires": {
                "jjjserver": "^0.4.19"
            }
        },
        "jjjserver": {
            "version": "0.4.19",
            "resolved": "https://registry.npmjs.org/jjjserver/-/jjjserver-0.4.19.tgz",
            "integrity": "sha512-1398P4PhXBNQ158f5+wE2ccsv48oRYF7y0jRUAoJ7ieLaRsF3SxoKMq8KflHJ/CnHGE4OYlidbXzmNzIqrkSIQ=="
        }
    }
}
