{
    "name": "Throbber",
    "version": "0.0.0",
    "lockfileVersion": 1,
    "requires": true,
    "dependencies": {
        "@thaerious/nidget": {
            "version": "file:../Nidget",
            "requires": {
                "jquery": "^3.3.1"
            },
            "dependencies": {
                "jquery": {
                    "version": "3.3.1",
                    "bundled": true
                }
            }
        },
        "jquery": {
            "version": "3.3.1",
            "resolved": "https://registry.npmjs.org/jquery/-/jquery-3.3.1.tgz",
            "integrity": "sha512-Ubldcmxp5np52/ENotGxlLe6aGMvmF4R8S6tZjsP6Knsaxd/xp3Zrh50cG93lR6nPXyUFwzN3ZSOQI0wRJNdGg=="
        },
        "nerscriber": {
            "version": "file:../NERScriber",
            "requires": {
                "jjjrmi": "^0.4.17"
            },
            "dependencies": {
                "jjjrmi": {
                    "version": "0.4.17",
                    "bundled": true,
                    "requires": {
                        "jjjserver": "^0.4.17"
                    }
                },
                "jjjserver": {
                    "version": "0.4.17",
                    "bundled": true
                }
            }
        }
    }
}
