{
    "name": "@thaerious/menu",
    "version": "0.0.0",
    "lockfileVersion": 1,
    "requires": true,
    "dependencies": {
        "@thaerious/nidget": {
            "version": "file:../Nidget",
            "requires": {
                "jquery": "^3.3.1"
            },
            "dependencies": {
                "jquery": {
                    "version": "3.3.1",
                    "bundled": true
                }
            }
        },
        "@thaerious/utility": {
            "version": "0.0.1",
            "resolved": "https://registry.npmjs.org/@thaerious/utility/-/utility-0.0.1.tgz",
            "integrity": "sha512-/yTlzGxboAE++Oyo47mQNFR2hx3JDuPBmWcU8ylOUmA+nzieIoegBO/ChbEXvoT9HMEdC1dWgo2tgM2ia/pdmw==",
            "requires": {
                "jquery": "^3.3.1"
            }
        },
        "jquery": {
            "version": "3.3.1",
            "resolved": "https://registry.npmjs.org/jquery/-/jquery-3.3.1.tgz",
            "integrity": "sha512-Ubldcmxp5np52/ENotGxlLe6aGMvmF4R8S6tZjsP6Knsaxd/xp3Zrh50cG93lR6nPXyUFwzN3ZSOQI0wRJNdGg=="
        }
    }
}
